
Microsoft Visual Studio Solution File, Format Version 12.00
# Visual Studio Version 16
VisualStudioVersion = 16.0.31410.357
MinimumVisualStudioVersion = 10.0.40219.1
Project("{FAE04EC0-301F-11D3-BF4B-00C04F79EFBC}") = "BuilderDessignPatternExample2", "BuilderDessignPatternExample2\BuilderDessignPatternExample2.csproj", "{977A7011-1429-45E5-94E3-2F0BAFCDF749}"
EndProject
Global
	GlobalSection(SolutionConfigurationPlatforms) = preSolution
		Debug|Any CPU = Debug|Any CPU
		Release|Any CPU = Release|Any CPU
	EndGlobalSection
	GlobalSection(ProjectConfigurationPlatforms) = postSolution
		{977A7011-1429-45E5-94E3-2F0BAFCDF749}.Debug|Any CPU.ActiveCfg = Debug|Any CPU
		{977A7011-1429-45E5-94E3-2F0BAFCDF749}.Debug|Any CPU.Build.0 = Debug|Any CPU
		{977A7011-1429-45E5-94E3-2F0BAFCDF749}.Release|Any CPU.ActiveCfg = Release|Any CPU
		{977A7011-1429-45E5-94E3-2F0BAFCDF749}.Release|Any CPU.Build.0 = Release|Any CPU
	EndGlobalSection
	GlobalSection(SolutionProperties) = preSolution
		HideSolutionNode = FALSE
	EndGlobalSection
	GlobalSection(ExtensibilityGlobals) = postSolution
		SolutionGuid = {259B808F-7836-49A3-B4BD-F7035EAF815A}
	EndGlobalSection
EndGlobal
